
Microsoft Visual Studio Solution File, Format Version 12.00
# Visual Studio Version 17
VisualStudioVersion = 17.8.34330.188
MinimumVisualStudioVersion = 10.0.40219.1
Project("{FAE04EC0-301F-11D3-BF4B-00C04F79EFBC}") = "VendingAdSystem", "VendingAdSystem\VendingAdSystem.csproj", "{56FC1793-D202-4B14-822D-0E4F8AB7427D}"
EndProject
Project("{FAE04EC0-301F-11D3-BF4B-00C04F79EFBC}") = "VendingAd.Contracts", "VendingAd.Contracts\VendingAd.Contracts.csproj", "{FDE9139F-8D55-4272-B144-9ADD649CDB19}"
EndProject
Project("{FAE04EC0-301F-11D3-BF4B-00C04F79EFBC}") = "VendingAdWorker", "VendingAdWorker\VendingAdWorker.csproj", "{81746ABA-0D79-4076-AC62-DE1AE05FE42F}"
EndProject
Project("{FAE04EC0-301F-11D3-BF4B-00C04F79EFBC}") = "VendingAd.Domain", "VendingAd.Domain\VendingAd.Domain.csproj", "{43D8FEFE-98D3-404F-9A64-F236FE948857}"
EndProject
Project("{FAE04EC0-301F-11D3-BF4B-00C04F79EFBC}") = "VendingAd.Application", "VendingAd.Application\VendingAd.Application.csproj", "{363A075C-4383-4E1D-9B6C-0955E75D7EA3}"
EndProject
Project("{FAE04EC0-301F-11D3-BF4B-00C04F79EFBC}") = "VendingAd.Infrastructure", "VendingAd.Infrastructure\VendingAd.Infrastructure.csproj", "{8092936D-0655-464B-A455-4C07F88628F6}"
EndProject
Project("{FAE04EC0-301F-11D3-BF4B-00C04F79EFBC}") = "VendingAd.Tests", "VendingAd.Tests\VendingAd.Tests.csproj", "{A926FA73-B01C-4017-8E2F-32839EF63D2B}"
EndProject
Global
	GlobalSection(SolutionConfigurationPlatforms) = preSolution
		Debug|Any CPU = Debug|Any CPU
		Debug|x64 = Debug|x64
		Debug|x86 = Debug|x86
		Release|Any CPU = Release|Any CPU
		Release|x64 = Release|x64
		Release|x86 = Release|x86
	EndGlobalSection
	GlobalSection(ProjectConfigurationPlatforms) = postSolution
		{56FC1793-D202-4B14-822D-0E4F8AB7427D}.Debug|Any CPU.ActiveCfg = Debug|Any CPU
		{56FC1793-D202-4B14-822D-0E4F8AB7427D}.Debug|Any CPU.Build.0 = Debug|Any CPU
		{56FC1793-D202-4B14-822D-0E4F8AB7427D}.Debug|x64.ActiveCfg = Debug|Any CPU
		{56FC1793-D202-4B14-822D-0E4F8AB7427D}.Debug|x64.Build.0 = Debug|Any CPU
		{56FC1793-D202-4B14-822D-0E4F8AB7427D}.Debug|x86.ActiveCfg = Debug|Any CPU
		{56FC1793-D202-4B14-822D-0E4F8AB7427D}.Debug|x86.Build.0 = Debug|Any CPU
		{56FC1793-D202-4B14-822D-0E4F8AB7427D}.Release|Any CPU.ActiveCfg = Release|Any CPU
		{56FC1793-D202-4B14-822D-0E4F8AB7427D}.Release|Any CPU.Build.0 = Release|Any CPU
		{56FC1793-D202-4B14-822D-0E4F8AB7427D}.Release|x64.ActiveCfg = Release|Any CPU
		{56FC1793-D202-4B14-822D-0E4F8AB7427D}.Release|x64.Build.0 = Release|Any CPU
		{56FC1793-D202-4B14-822D-0E4F8AB7427D}.Release|x86.ActiveCfg = Release|Any CPU
		{56FC1793-D202-4B14-822D-0E4F8AB7427D}.Release|x86.Build.0 = Release|Any CPU
		{FDE9139F-8D55-4272-B144-9ADD649CDB19}.Debug|Any CPU.ActiveCfg = Debug|Any CPU
		{FDE9139F-8D55-4272-B144-9ADD649CDB19}.Debug|Any CPU.Build.0 = Debug|Any CPU
		{FDE9139F-8D55-4272-B144-9ADD649CDB19}.Debug|x64.ActiveCfg = Debug|Any CPU
		{FDE9139F-8D55-4272-B144-9ADD649CDB19}.Debug|x64.Build.0 = Debug|Any CPU
		{FDE9139F-8D55-4272-B144-9ADD649CDB19}.Debug|x86.ActiveCfg = Debug|Any CPU
		{FDE9139F-8D55-4272-B144-9ADD649CDB19}.Debug|x86.Build.0 = Debug|Any CPU
		{FDE9139F-8D55-4272-B144-9ADD649CDB19}.Release|Any CPU.ActiveCfg = Release|Any CPU
		{FDE9139F-8D55-4272-B144-9ADD649CDB19}.Release|Any CPU.Build.0 = Release|Any CPU
		{FDE9139F-8D55-4272-B144-9ADD649CDB19}.Release|x64.ActiveCfg = Release|Any CPU
		{FDE9139F-8D55-4272-B144-9ADD649CDB19}.Release|x64.Build.0 = Release|Any CPU
		{FDE9139F-8D55-4272-B144-9ADD649CDB19}.Release|x86.ActiveCfg = Release|Any CPU
		{FDE9139F-8D55-4272-B144-9ADD649CDB19}.Release|x86.Build.0 = Release|Any CPU
		{81746ABA-0D79-4076-AC62-DE1AE05FE42F}.Debug|Any CPU.ActiveCfg = Debug|Any CPU
		{81746ABA-0D79-4076-AC62-DE1AE05FE42F}.Debug|Any CPU.Build.0 = Debug|Any CPU
		{81746ABA-0D79-4076-AC62-DE1AE05FE42F}.Debug|x64.ActiveCfg = Debug|Any CPU
		{81746ABA-0D79-4076-AC62-DE1AE05FE42F}.Debug|x64.Build.0 = Debug|Any CPU
		{81746ABA-0D79-4076-AC62-DE1AE05FE42F}.Debug|x86.ActiveCfg = Debug|Any CPU
		{81746ABA-0D79-4076-AC62-DE1AE05FE42F}.Debug|x86.Build.0 = Debug|Any CPU
		{81746ABA-0D79-4076-AC62-DE1AE05FE42F}.Release|Any CPU.ActiveCfg = Release|Any CPU
		{81746ABA-0D79-4076-AC62-DE1AE05FE42F}.Release|Any CPU.Build.0 = Release|Any CPU
		{81746ABA-0D79-4076-AC62-DE1AE05FE42F}.Release|x64.ActiveCfg = Release|Any CPU
		{81746ABA-0D79-4076-AC62-DE1AE05FE42F}.Release|x64.Build.0 = Release|Any CPU
		{81746ABA-0D79-4076-AC62-DE1AE05FE42F}.Release|x86.ActiveCfg = Release|Any CPU
		{81746ABA-0D79-4076-AC62-DE1AE05FE42F}.Release|x86.Build.0 = Release|Any CPU
		{43D8FEFE-98D3-404F-9A64-F236FE948857}.Debug|Any CPU.ActiveCfg = Debug|Any CPU
		{43D8FEFE-98D3-404F-9A64-F236FE948857}.Debug|Any CPU.Build.0 = Debug|Any CPU
		{43D8FEFE-98D3-404F-9A64-F236FE948857}.Debug|x64.ActiveCfg = Debug|Any CPU
		{43D8FEFE-98D3-404F-9A64-F236FE948857}.Debug|x64.Build.0 = Debug|Any CPU
		{43D8FEFE-98D3-404F-9A64-F236FE948857}.Debug|x86.ActiveCfg = Debug|Any CPU
		{43D8FEFE-98D3-404F-9A64-F236FE948857}.Debug|x86.Build.0 = Debug|Any CPU
		{43D8FEFE-98D3-404F-9A64-F236FE948857}.Release|Any CPU.ActiveCfg = Release|Any CPU
		{43D8FEFE-98D3-404F-9A64-F236FE948857}.Release|Any CPU.Build.0 = Release|Any CPU
		{43D8FEFE-98D3-404F-9A64-F236FE948857}.Release|x64.ActiveCfg = Release|Any CPU
		{43D8FEFE-98D3-404F-9A64-F236FE948857}.Release|x64.Build.0 = Release|Any CPU
		{43D8FEFE-98D3-404F-9A64-F236FE948857}.Release|x86.ActiveCfg = Release|Any CPU
		{43D8FEFE-98D3-404F-9A64-F236FE948857}.Release|x86.Build.0 = Release|Any CPU
		{363A075C-4383-4E1D-9B6C-0955E75D7EA3}.Debug|Any CPU.ActiveCfg = Debug|Any CPU
		{363A075C-4383-4E1D-9B6C-0955E75D7EA3}.Debug|Any CPU.Build.0 = Debug|Any CPU
		{363A075C-4383-4E1D-9B6C-0955E75D7EA3}.Debug|x64.ActiveCfg = Debug|Any CPU
		{363A075C-4383-4E1D-9B6C-0955E75D7EA3}.Debug|x64.Build.0 = Debug|Any CPU
		{363A075C-4383-4E1D-9B6C-0955E75D7EA3}.Debug|x86.ActiveCfg = Debug|Any CPU
		{363A075C-4383-4E1D-9B6C-0955E75D7EA3}.Debug|x86.Build.0 = Debug|Any CPU
		{363A075C-4383-4E1D-9B6C-0955E75D7EA3}.Release|Any CPU.ActiveCfg = Release|Any CPU
		{363A075C-4383-4E1D-9B6C-0955E75D7EA3}.Release|Any CPU.Build.0 = Release|Any CPU
		{363A075C-4383-4E1D-9B6C-0955E75D7EA3}.Release|x64.ActiveCfg = Release|Any CPU
		{363A075C-4383-4E1D-9B6C-0955E75D7EA3}.Release|x64.Build.0 = Release|Any CPU
		{363A075C-4383-4E1D-9B6C-0955E75D7EA3}.Release|x86.ActiveCfg = Release|Any CPU
		{363A075C-4383-4E1D-9B6C-0955E75D7EA3}.Release|x86.Build.0 = Release|Any CPU
		{8092936D-0655-464B-A455-4C07F88628F6}.Debug|Any CPU.ActiveCfg = Debug|Any CPU
		{8092936D-0655-464B-A455-4C07F88628F6}.Debug|Any CPU.Build.0 = Debug|Any CPU
		{8092936D-0655-464B-A455-4C07F88628F6}.Debug|x64.ActiveCfg = Debug|Any CPU
		{8092936D-0655-464B-A455-4C07F88628F6}.Debug|x64.Build.0 = Debug|Any CPU
		{8092936D-0655-464B-A455-4C07F88628F6}.Debug|x86.ActiveCfg = Debug|Any CPU
		{8092936D-0655-464B-A455-4C07F88628F6}.Debug|x86.Build.0 = Debug|Any CPU
		{8092936D-0655-464B-A455-4C07F88628F6}.Release|Any CPU.ActiveCfg = Release|Any CPU
		{8092936D-0655-464B-A455-4C07F88628F6}.Release|Any CPU.Build.0 = Release|Any CPU
		{8092936D-0655-464B-A455-4C07F88628F6}.Release|x64.ActiveCfg = Release|Any CPU
		{8092936D-0655-464B-A455-4C07F88628F6}.Release|x64.Build.0 = Release|Any CPU
		{8092936D-0655-464B-A455-4C07F88628F6}.Release|x86.ActiveCfg = Release|Any CPU
		{8092936D-0655-464B-A455-4C07F88628F6}.Release|x86.Build.0 = Release|Any CPU
		{A926FA73-B01C-4017-8E2F-32839EF63D2B}.Debug|Any CPU.ActiveCfg = Debug|Any CPU
		{A926FA73-B01C-4017-8E2F-32839EF63D2B}.Debug|Any CPU.Build.0 = Debug|Any CPU
		{A926FA73-B01C-4017-8E2F-32839EF63D2B}.Debug|x64.ActiveCfg = Debug|Any CPU
		{A926FA73-B01C-4017-8E2F-32839EF63D2B}.Debug|x64.Build.0 = Debug|Any CPU
		{A926FA73-B01C-4017-8E2F-32839EF63D2B}.Debug|x86.ActiveCfg = Debug|Any CPU
		{A926FA73-B01C-4017-8E2F-32839EF63D2B}.Debug|x86.Build.0 = Debug|Any CPU
		{A926FA73-B01C-4017-8E2F-32839EF63D2B}.Release|Any CPU.ActiveCfg = Release|Any CPU
		{A926FA73-B01C-4017-8E2F-32839EF63D2B}.Release|Any CPU.Build.0 = Release|Any CPU
		{A926FA73-B01C-4017-8E2F-32839EF63D2B}.Release|x64.ActiveCfg = Release|Any CPU
		{A926FA73-B01C-4017-8E2F-32839EF63D2B}.Release|x64.Build.0 = Release|Any CPU
		{A926FA73-B01C-4017-8E2F-32839EF63D2B}.Release|x86.ActiveCfg = Release|Any CPU
		{A926FA73-B01C-4017-8E2F-32839EF63D2B}.Release|x86.Build.0 = Release|Any CPU
	EndGlobalSection
	GlobalSection(SolutionProperties) = preSolution
		HideSolutionNode = FALSE
	EndGlobalSection
	GlobalSection(ExtensibilityGlobals) = postSolution
		SolutionGuid = {D793F23C-BBD1-4B2A-8E71-C8D8D9C9AC5F}
	EndGlobalSection
EndGlobal
